
Microsoft Visual Studio Solution File, Format Version 12.00
# Visual Studio Version 16
VisualStudioVersion = 16.0.29318.209
MinimumVisualStudioVersion = 10.0.40219.1
Project("{9A19103F-16F7-4668-BE54-9A1E7A4F7556}") = "NaukriResumeUpdate", "NaukriResumeUpdate\NaukriResumeUpdate.csproj", "{11028206-379A-43CF-BA32-BFC082D88BFA}"
EndProject
Project("{9A19103F-16F7-4668-BE54-9A1E7A4F7556}") = "DataAccess", "DataAccess\DataAccess.csproj", "{DEEC249B-ACA9-4133-A8EC-1175768329C5}"
EndProject
Project("{FAE04EC0-301F-11D3-BF4B-00C04F79EFBC}") = "BusinessLogic", "BusinessLogic\BusinessLogic.csproj", "{9E324F21-5A0B-42BF-BBA0-21B1D7A06C5C}"
EndProject
Global
	GlobalSection(SolutionConfigurationPlatforms) = preSolution
		Debug|Any CPU = Debug|Any CPU
		Release|Any CPU = Release|Any CPU
	EndGlobalSection
	GlobalSection(ProjectConfigurationPlatforms) = postSolution
		{11028206-379A-43CF-BA32-BFC082D88BFA}.Debug|Any CPU.ActiveCfg = Debug|Any CPU
		{11028206-379A-43CF-BA32-BFC082D88BFA}.Debug|Any CPU.Build.0 = Debug|Any CPU
		{11028206-379A-43CF-BA32-BFC082D88BFA}.Release|Any CPU.ActiveCfg = Release|Any CPU
		{11028206-379A-43CF-BA32-BFC082D88BFA}.Release|Any CPU.Build.0 = Release|Any CPU
		{DEEC249B-ACA9-4133-A8EC-1175768329C5}.Debug|Any CPU.ActiveCfg = Debug|Any CPU
		{DEEC249B-ACA9-4133-A8EC-1175768329C5}.Debug|Any CPU.Build.0 = Debug|Any CPU
		{DEEC249B-ACA9-4133-A8EC-1175768329C5}.Release|Any CPU.ActiveCfg = Release|Any CPU
		{DEEC249B-ACA9-4133-A8EC-1175768329C5}.Release|Any CPU.Build.0 = Release|Any CPU
		{9E324F21-5A0B-42BF-BBA0-21B1D7A06C5C}.Debug|Any CPU.ActiveCfg = Debug|Any CPU
		{9E324F21-5A0B-42BF-BBA0-21B1D7A06C5C}.Debug|Any CPU.Build.0 = Debug|Any CPU
		{9E324F21-5A0B-42BF-BBA0-21B1D7A06C5C}.Release|Any CPU.ActiveCfg = Release|Any CPU
		{9E324F21-5A0B-42BF-BBA0-21B1D7A06C5C}.Release|Any CPU.Build.0 = Release|Any CPU
	EndGlobalSection
	GlobalSection(SolutionProperties) = preSolution
		HideSolutionNode = FALSE
	EndGlobalSection
	GlobalSection(ExtensibilityGlobals) = postSolution
		SolutionGuid = {AB60A74B-5839-4BC2-83C1-923018096C01}
	EndGlobalSection
EndGlobal
